// !$*UTF8*$!
{
 archiveVersion = 1; classes = {}; objectVersion = 56;
 objects = {
  BB0000000000000000000001 = {isa = PBXProject; attributes = {LastUpgradeCheck = 1700;}; buildConfigurationList = BB0000000000000000000020; compatibilityVersion = "Xcode 14.0"; developmentRegion = en; knownRegions = (en, Base); mainGroup = BB0000000000000000000002; productRefGroup = BB0000000000000000000003; projectDirPath = ""; projectRoot = ""; targets = (BB0000000000000000000004); packageReferences = (BB0000000000000000000015);};
  BB0000000000000000000002 = {isa = PBXGroup; children = (BB0000000000000000000005, BB0000000000000000000003); sourceTree = "<group>";};
  BB0000000000000000000003 = {isa = PBXGroup; name = Products; children = (BB0000000000000000000006); sourceTree = "<group>";};
  BB0000000000000000000004 = {isa = PBXNativeTarget; name = ListsPreview; productName = ListsPreview; productReference = BB0000000000000000000006; productType = "com.apple.product-type.application"; buildConfigurationList = BB0000000000000000000021; buildPhases = (BB0000000000000000000009, BB000000000000000000000A, BB000000000000000000000B); buildRules = (); dependencies = (); packageProductDependencies = (BB0000000000000000000016);};
  BB0000000000000000000005 = {isa = PBXFileReference; lastKnownFileType = sourcecode.swift; path = App/ListsPreviewApp.swift; sourceTree = "<group>";};
  BB0000000000000000000006 = {isa = PBXFileReference; explicitFileType = wrapper.application; includeInIndex = 0; path = ListsPreview.app; sourceTree = BUILT_PRODUCTS_DIR;};
  BB0000000000000000000007 = {isa = PBXBuildFile; fileRef = BB0000000000000000000005;};
  BB0000000000000000000008 = {isa = PBXBuildFile; productRef = BB0000000000000000000016;};
  BB0000000000000000000009 = {isa = PBXSourcesBuildPhase; buildActionMask = 2147483647; files = (BB0000000000000000000007); runOnlyForDeploymentPostprocessing = 0;};
  BB000000000000000000000A = {isa = PBXFrameworksBuildPhase; buildActionMask = 2147483647; files = (BB0000000000000000000008); runOnlyForDeploymentPostprocessing = 0;};
  BB000000000000000000000B = {isa = PBXResourcesBuildPhase; buildActionMask = 2147483647; files = (); runOnlyForDeploymentPostprocessing = 0;};
  BB0000000000000000000015 = {isa = XCLocalSwiftPackageReference; relativePath = .;};
  BB0000000000000000000016 = {isa = XCSwiftPackageProductDependency; productName = ListsUI;};
  BB0000000000000000000020 = {isa = XCConfigurationList; buildConfigurations = (BB0000000000000000000022, BB0000000000000000000023); defaultConfigurationIsVisible = 0; defaultConfigurationName = Release;};
  BB0000000000000000000021 = {isa = XCConfigurationList; buildConfigurations = (BB0000000000000000000024, BB0000000000000000000025); defaultConfigurationIsVisible = 0; defaultConfigurationName = Release;};
  BB0000000000000000000022 = {isa = XCBuildConfiguration; name = Debug; buildSettings = {SDKROOT = iphoneos; IPHONEOS_DEPLOYMENT_TARGET = 17.0; SWIFT_VERSION = 6.0; CLANG_ENABLE_MODULES = YES; SWIFT_OPTIMIZATION_LEVEL = "-Onone"; SWIFT_ACTIVE_COMPILATION_CONDITIONS = DEBUG; DEBUG_INFORMATION_FORMAT = dwarf;};};
  BB0000000000000000000023 = {isa = XCBuildConfiguration; name = Release; buildSettings = {SDKROOT = iphoneos; IPHONEOS_DEPLOYMENT_TARGET = 17.0; SWIFT_VERSION = 6.0; CLANG_ENABLE_MODULES = YES; SWIFT_OPTIMIZATION_LEVEL = "-O";};};
  BB0000000000000000000024 = {isa = XCBuildConfiguration; name = Debug; buildSettings = {PRODUCT_BUNDLE_IDENTIFIER = com.helipad.listspreview; PRODUCT_NAME = "$(TARGET_NAME)"; INFOPLIST_FILE = App/Info.plist; GENERATE_INFOPLIST_FILE = NO; CODE_SIGN_STYLE = Automatic; TARGETED_DEVICE_FAMILY = "1,2"; ENABLE_PREVIEWS = YES; LD_RUNPATH_SEARCH_PATHS = ("$(inherited)", "@executable_path/Frameworks");};};
  BB0000000000000000000025 = {isa = XCBuildConfiguration; name = Release; buildSettings = {PRODUCT_BUNDLE_IDENTIFIER = com.helipad.listspreview; PRODUCT_NAME = "$(TARGET_NAME)"; INFOPLIST_FILE = App/Info.plist; GENERATE_INFOPLIST_FILE = NO; CODE_SIGN_STYLE = Automatic; TARGETED_DEVICE_FAMILY = "1,2"; ENABLE_PREVIEWS = YES; LD_RUNPATH_SEARCH_PATHS = ("$(inherited)", "@executable_path/Frameworks");};};
 }; rootObject = BB0000000000000000000001;
}
